{
  "name": "@pepabo-inhouse/button",
  "version": "0.42.0",
  "lockfileVersion": 3,
  "requires": true,
  "packages": {
    "": {
      "name": "@pepabo-inhouse/button",
      "version": "0.42.0",
      "devDependencies": {
        "@pepabo-inhouse/tokens": "^0.14.0"
      }
    },
    "node_modules/@pepabo-inhouse/tokens": {
      "version": "0.14.0",
      "resolved": "https://registry.npmjs.org/@pepabo-inhouse/tokens/-/tokens-0.14.0.tgz",
      "integrity": "sha512-UNVcZ1L5rjSVfUyNlslRP17uzij8ImlBjmY5rUoZ/eP9D1C6YzT+R/ajq7U6M5znWzVH2HaxLVH5iUL5zi2Z8w==",
      "dev": true
    }
  }
}
