{
  "name": "@inhouse/header",
  "version": "0.41.0",
  "lockfileVersion": 2,
  "requires": true,
  "packages": {
    "": {
      "name": "@inhouse/header",
      "version": "0.41.0",
      "devDependencies": {
        "@inhouse/tokens": "^0.13.1"
      }
    },
    "node_modules/@inhouse/tokens": {
      "version": "0.13.1",
      "resolved": "https://npm.git.pepabo.com/download/@inhouse/tokens/0.13.1/55c0d9de1a7aaeb721847422e4616ee804d5bf05ac6cbff369daf27c4fc6c62a",
      "integrity": "sha512-yz0ZdaDb1YZVMRDLpdvXpjBonH5p4ZYzf8PjPClhVmDpvgJVOjGvFSkc7KcoZHUtq/jOiR08EENLWHTIbVgVow==",
      "dev": true
    }
  },
  "dependencies": {
    "@inhouse/tokens": {
      "version": "0.13.1",
      "resolved": "https://npm.git.pepabo.com/download/@inhouse/tokens/0.13.1/55c0d9de1a7aaeb721847422e4616ee804d5bf05ac6cbff369daf27c4fc6c62a",
      "integrity": "sha512-yz0ZdaDb1YZVMRDLpdvXpjBonH5p4ZYzf8PjPClhVmDpvgJVOjGvFSkc7KcoZHUtq/jOiR08EENLWHTIbVgVow==",
      "dev": true
    }
  }
}
