{
  "name": "@pepabo-inhouse/snackbar",
  "version": "0.1.0",
  "lockfileVersion": 3,
  "requires": true,
  "packages": {
    "": {
      "name": "@pepabo-inhouse/snackbar",
      "version": "0.1.0",
      "dependencies": {
        "@pepabo-inhouse/adapter": "^0.43.0",
        "@pepabo-inhouse/constants": "^0.43.0"
      },
      "devDependencies": {
        "@pepabo-inhouse/flavor": "^0.43.0",
        "@pepabo-inhouse/tokens": "^0.14.0"
      }
    },
    "node_modules/@pepabo-inhouse/adapter": {
      "version": "0.43.0",
      "resolved": "https://registry.npmjs.org/@pepabo-inhouse/adapter/-/adapter-0.43.0.tgz",
      "integrity": "sha512-Sc3KJDdk+uFddCHyp8uypr4EtB8jUmFCx8HrR4rd/qgUPCG/3VtyjMcNAYFEedAo2KJtQWNxtbZnP53vFXujvA==",
      "dependencies": {
        "@pepabo-inhouse/constants": "^0.43.0"
      }
    },
    "node_modules/@pepabo-inhouse/constants": {
      "version": "0.43.0",
      "resolved": "https://registry.npmjs.org/@pepabo-inhouse/constants/-/constants-0.43.0.tgz",
      "integrity": "sha512-N2okxchoSABADG5Q38mKuZgczEMallrWssXnAosGTePBVYp20C6oO5gvaaSe/TJ2CwBWEG554x5M72I43LsyyA=="
    },
    "node_modules/@pepabo-inhouse/flavor": {
      "version": "0.43.0",
      "resolved": "https://registry.npmjs.org/@pepabo-inhouse/flavor/-/flavor-0.43.0.tgz",
      "integrity": "sha512-L91jYQ2aMksPoHO4RrRaJFPwk2DGI6K3/pzZYJVXcnC9r/BTmfEki4bkAzusEdA0kCyEA+/RZKlbZwbNFwz0yA==",
      "dev": true,
      "dependencies": {
        "@pepabo-inhouse/tokens": "^0.14.0"
      }
    },
    "node_modules/@pepabo-inhouse/tokens": {
      "version": "0.14.0",
      "resolved": "https://registry.npmjs.org/@pepabo-inhouse/tokens/-/tokens-0.14.0.tgz",
      "integrity": "sha512-UNVcZ1L5rjSVfUyNlslRP17uzij8ImlBjmY5rUoZ/eP9D1C6YzT+R/ajq7U6M5znWzVH2HaxLVH5iUL5zi2Z8w==",
      "dev": true
    }
  }
}
