{
  "name": "@inhouse/description-list",
  "version": "0.39.0",
  "lockfileVersion": 2,
  "requires": true,
  "packages": {
    "": {
      "name": "@inhouse/description-list",
      "version": "0.39.0",
      "devDependencies": {
        "@inhouse/tokens": "^0.9.0"
      }
    },
    "node_modules/@inhouse/tokens": {
      "version": "0.9.0",
      "resolved": "https://npm.git.pepabo.com/download/@inhouse/tokens/0.9.0/993ec5c653aa5a45931fbeaed5715d43442acb031d0309cc52262f720dc979ee",
      "integrity": "sha512-erwZgWpskB9OlqI4EuEOwST7aOQfMdaAoHF0PqVe5/ETy7iXMo42Bhqxx3SqULjfAeDQmfJgiKyr5pA3nJolzw==",
      "dev": true
    }
  },
  "dependencies": {
    "@inhouse/tokens": {
      "version": "0.9.0",
      "resolved": "https://npm.git.pepabo.com/download/@inhouse/tokens/0.9.0/993ec5c653aa5a45931fbeaed5715d43442acb031d0309cc52262f720dc979ee",
      "integrity": "sha512-erwZgWpskB9OlqI4EuEOwST7aOQfMdaAoHF0PqVe5/ETy7iXMo42Bhqxx3SqULjfAeDQmfJgiKyr5pA3nJolzw==",
      "dev": true
    }
  }
}
